
Microsoft Visual Studio Solution File, Format Version 12.00
# Visual Studio Version 18
VisualStudioVersion = 18.3.11429.125 d18.3
MinimumVisualStudioVersion = 10.0.40219.1
Project("{FAE04EC0-301F-11D3-BF4B-00C04F79EFBC}") = "Buoi02HamKhoiTaoVaHamHuyTrongCSharp", "Buoi02HamKhoiTaoVaHamHuyTrongCSharp\Buoi02HamKhoiTaoVaHamHuyTrongCSharp.csproj", "{74AFB3CA-071B-4419-8D2C-D508545EE2F3}"
EndProject
Project("{FAE04EC0-301F-11D3-BF4B-00C04F79EFBC}") = "Buoi01DoiTuongVaLopTrongCSharp", "Buoi01DoiTuongVaLopTrongCSharp\Buoi01DoiTuongVaLopTrongCSharp.csproj", "{B0B20E36-CD64-CFF5-1E40-A872A63DAEAB}"
EndProject
Project("{FAE04EC0-301F-11D3-BF4B-00C04F79EFBC}") = "Buoi03PhamViTruyCapVaDongGoiTrongCSharp", "Buoi03PhamViTruyCapVaDongGoiTrongCSharp\Buoi03PhamViTruyCapVaDongGoiTrongCSharp.csproj", "{3E385E89-918A-4078-8E9C-E115BC96FB43}"
EndProject
Project("{FAE04EC0-301F-11D3-BF4B-00C04F79EFBC}") = "Buoi04ThisVaStaticTrongCSharp", "Buoi04ThisVaStaticTrongCSharp\Buoi04ThisVaStaticTrongCSharp.csproj", "{AE92F0C4-C835-474A-90FA-25C810FCF068}"
EndProject
Global
	GlobalSection(SolutionConfigurationPlatforms) = preSolution
		Debug|Any CPU = Debug|Any CPU
		Release|Any CPU = Release|Any CPU
	EndGlobalSection
	GlobalSection(ProjectConfigurationPlatforms) = postSolution
		{74AFB3CA-071B-4419-8D2C-D508545EE2F3}.Debug|Any CPU.ActiveCfg = Debug|Any CPU
		{74AFB3CA-071B-4419-8D2C-D508545EE2F3}.Debug|Any CPU.Build.0 = Debug|Any CPU
		{74AFB3CA-071B-4419-8D2C-D508545EE2F3}.Release|Any CPU.ActiveCfg = Release|Any CPU
		{74AFB3CA-071B-4419-8D2C-D508545EE2F3}.Release|Any CPU.Build.0 = Release|Any CPU
		{B0B20E36-CD64-CFF5-1E40-A872A63DAEAB}.Debug|Any CPU.ActiveCfg = Debug|Any CPU
		{B0B20E36-CD64-CFF5-1E40-A872A63DAEAB}.Debug|Any CPU.Build.0 = Debug|Any CPU
		{B0B20E36-CD64-CFF5-1E40-A872A63DAEAB}.Release|Any CPU.ActiveCfg = Release|Any CPU
		{B0B20E36-CD64-CFF5-1E40-A872A63DAEAB}.Release|Any CPU.Build.0 = Release|Any CPU
		{3E385E89-918A-4078-8E9C-E115BC96FB43}.Debug|Any CPU.ActiveCfg = Debug|Any CPU
		{3E385E89-918A-4078-8E9C-E115BC96FB43}.Debug|Any CPU.Build.0 = Debug|Any CPU
		{3E385E89-918A-4078-8E9C-E115BC96FB43}.Release|Any CPU.ActiveCfg = Release|Any CPU
		{3E385E89-918A-4078-8E9C-E115BC96FB43}.Release|Any CPU.Build.0 = Release|Any CPU
		{AE92F0C4-C835-474A-90FA-25C810FCF068}.Debug|Any CPU.ActiveCfg = Debug|Any CPU
		{AE92F0C4-C835-474A-90FA-25C810FCF068}.Debug|Any CPU.Build.0 = Debug|Any CPU
		{AE92F0C4-C835-474A-90FA-25C810FCF068}.Release|Any CPU.ActiveCfg = Release|Any CPU
		{AE92F0C4-C835-474A-90FA-25C810FCF068}.Release|Any CPU.Build.0 = Release|Any CPU
	EndGlobalSection
	GlobalSection(SolutionProperties) = preSolution
		HideSolutionNode = FALSE
	EndGlobalSection
	GlobalSection(ExtensibilityGlobals) = postSolution
		SolutionGuid = {7E63B7CB-90CE-44C1-B48E-430BABB10390}
	EndGlobalSection
EndGlobal
